// !$*UTF8*$!
{
	archiveVersion = 1;
	classes = {
	};
	objectVersion = 48;
	objects = {

/* Begin PBXBuildFile section */
		4653CC2C2458D47800BFC4A6 /* lovecalculator-heart.svg in Resources */ = {isa = PBXBuildFile; fileRef = 4653CC2B2458D47800BFC4A6 /* lovecalculator-heart.svg */; };
		466018C52458A6120083AA2B /* AppDelegate.swift in Sources */ = {isa = PBXBuildFile; fileRef = 466018C42458A6120083AA2B /* AppDelegate.swift */; };
		466018C72458A6130083AA2B /* ViewController.swift in Sources */ = {isa = PBXBuildFile; fileRef = 466018C62458A6130083AA2B /* ViewController.swift */; };
		466018CA2458A6130083AA2B /* Main.storyboard in Resources */ = {isa = PBXBuildFile; fileRef = 466018C82458A6130083AA2B /* Main.storyboard */; };
		466018CC2458A6130083AA2B /* Assets.xcassets in Resources */ = {isa = PBXBuildFile; fileRef = 466018CB2458A6130083AA2B /* Assets.xcassets */; };
		466018CF2458A6130083AA2B /* LaunchScreen.storyboard in Resources */ = {isa = PBXBuildFile; fileRef = 466018CD2458A6130083AA2B /* LaunchScreen.storyboard */; };
/* End PBXBuildFile section */

/* Begin PBXFileReference section */
		4653CC2B2458D47800BFC4A6 /* lovecalculator-heart.svg */ = {isa = PBXFileReference; fileEncoding = 4; lastKnownFileType = text.xml; path = "lovecalculator-heart.svg"; sourceTree = "<group>"; };
		466018C12458A6120083AA2B /* TrueLoveCalculator.app */ = {isa = PBXFileReference; explicitFileType = wrapper.application; includeInIndex = 0; path = TrueLoveCalculator.app; sourceTree = BUILT_PRODUCTS_DIR; };
		466018C42458A6120083AA2B /* AppDelegate.swift */ = {isa = PBXFileReference; lastKnownFileType = sourcecode.swift; path = AppDelegate.swift; sourceTree = "<group>"; };
		466018C62458A6130083AA2B /* ViewController.swift */ = {isa = PBXFileReference; lastKnownFileType = sourcecode.swift; path = ViewController.swift; sourceTree = "<group>"; };
		466018C92458A6130083AA2B /* Base */ = {isa = PBXFileReference; lastKnownFileType = file.storyboard; name = Base; path = Base.lproj/Main.storyboard; sourceTree = "<group>"; };
		466018CB2458A6130083AA2B /* Assets.xcassets */ = {isa = PBXFileReference; lastKnownFileType = folder.assetcatalog; path = Assets.xcassets; sourceTree = "<group>"; };
		466018CE2458A6130083AA2B /* Base */ = {isa = PBXFileReference; lastKnownFileType = file.storyboard; name = Base; path = Base.lproj/LaunchScreen.storyboard; sourceTree = "<group>"; };
		466018D02458A6130083AA2B /* Info.plist */ = {isa = PBXFileReference; lastKnownFileType = text.plist.xml; path = Info.plist; sourceTree = "<group>"; };
/* End PBXFileReference section */

/* Begin PBXFrameworksBuildPhase section */
		466018BE2458A6120083AA2B /* Frameworks */ = {
			isa = PBXFrameworksBuildPhase;
			buildActionMask = 2147483647;
			files = (
			);
			runOnlyForDeploymentPostprocessing = 0;
		};
/* End PBXFrameworksBuildPhase section */

/* Begin PBXGroup section */
		466018B82458A6120083AA2B = {
			isa = PBXGroup;
			children = (
				466018C32458A6120083AA2B /* TrueLoveCalculator */,
				466018C22458A6120083AA2B /* Products */,
			);
			sourceTree = "<group>";
		};
		466018C22458A6120083AA2B /* Products */ = {
			isa = PBXGroup;
			children = (
				466018C12458A6120083AA2B /* TrueLoveCalculator.app */,
			);
			name = Products;
			sourceTree = "<group>";
		};
		466018C32458A6120083AA2B /* TrueLoveCalculator */ = {
			isa = PBXGroup;
			children = (
				466018C42458A6120083AA2B /* AppDelegate.swift */,
				466018C62458A6130083AA2B /* ViewController.swift */,
				466018C82458A6130083AA2B /* Main.storyboard */,
				466018CB2458A6130083AA2B /* Assets.xcassets */,
				4653CC2B2458D47800BFC4A6 /* lovecalculator-heart.svg */,
				466018CD2458A6130083AA2B /* LaunchScreen.storyboard */,
				466018D02458A6130083AA2B /* Info.plist */,
			);
			path = TrueLoveCalculator;
			sourceTree = "<group>";
		};
/* End PBXGroup section */

/* Begin PBXNativeTarget section */
		466018C02458A6120083AA2B /* TrueLoveCalculator */ = {
			isa = PBXNativeTarget;
			buildConfigurationList = 466018D32458A6130083AA2B /* Build configuration list for PBXNativeTarget "TrueLoveCalculator" */;
			buildPhases = (
				466018BD2458A6120083AA2B /* Sources */,
				466018BE2458A6120083AA2B /* Frameworks */,
				466018BF2458A6120083AA2B /* Resources */,
			);
			buildRules = (
			);
			dependencies = (
			);
			name = TrueLoveCalculator;
			productName = TrueLoveCalculator;
			productReference = 466018C12458A6120083AA2B /* TrueLoveCalculator.app */;
			productType = "com.apple.product-type.application";
		};
/* End PBXNativeTarget section */

/* Begin PBXProject section */
		466018B92458A6120083AA2B /* Project object */ = {
			isa = PBXProject;
			attributes = {
				LastSwiftUpdateCheck = 0920;
				LastUpgradeCheck = 0920;
				ORGANIZATIONNAME = "Dharma Teja";
				TargetAttributes = {
					466018C02458A6120083AA2B = {
						CreatedOnToolsVersion = 9.2;
						ProvisioningStyle = Automatic;
					};
				};
			};
			buildConfigurationList = 466018BC2458A6120083AA2B /* Build configuration list for PBXProject "TrueLoveCalculator" */;
			compatibilityVersion = "Xcode 8.0";
			developmentRegion = en;
			hasScannedForEncodings = 0;
			knownRegions = (
				en,
				Base,
			);
			mainGroup = 466018B82458A6120083AA2B;
			productRefGroup = 466018C22458A6120083AA2B /* Products */;
			projectDirPath = "";
			projectRoot = "";
			targets = (
				466018C02458A6120083AA2B /* TrueLoveCalculator */,
			);
		};
/* End PBXProject section */

/* Begin PBXResourcesBuildPhase section */
		466018BF2458A6120083AA2B /* Resources */ = {
			isa = PBXResourcesBuildPhase;
			buildActionMask = 2147483647;
			files = (
				466018CF2458A6130083AA2B /* LaunchScreen.storyboard in Resources */,
				466018CC2458A6130083AA2B /* Assets.xcassets in Resources */,
				466018CA2458A6130083AA2B /* Main.storyboard in Resources */,
				4653CC2C2458D47800BFC4A6 /* lovecalculator-heart.svg in Resources */,
			);
			runOnlyForDeploymentPostprocessing = 0;
		};
/* End PBXResourcesBuildPhase section */

/* Begin PBXSourcesBuildPhase section */
		466018BD2458A6120083AA2B /* Sources */ = {
			isa = PBXSourcesBuildPhase;
			buildActionMask = 2147483647;
			files = (
				466018C72458A6130083AA2B /* ViewController.swift in Sources */,
				466018C52458A6120083AA2B /* AppDelegate.swift in Sources */,
			);
			runOnlyForDeploymentPostprocessing = 0;
		};
/* End PBXSourcesBuildPhase section */

/* Begin PBXVariantGroup section */
		466018C82458A6130083AA2B /* Main.storyboard */ = {
			isa = PBXVariantGroup;
			children = (
				466018C92458A6130083AA2B /* Base */,
			);
			name = Main.storyboard;
			sourceTree = "<group>";
		};
		466018CD2458A6130083AA2B /* LaunchScreen.storyboard */ = {
			isa = PBXVariantGroup;
			children = (
				466018CE2458A6130083AA2B /* Base */,
			);
			name = LaunchScreen.storyboard;
			sourceTree = "<group>";
		};
/* End PBXVariantGroup section */

/* Begin XCBuildConfiguration section */
		466018D12458A6130083AA2B /* Debug */ = {
			isa = XCBuildConfiguration;
			buildSettings = {
				ALWAYS_SEARCH_USER_PATHS = NO;
				CLANG_ANALYZER_NONNULL = YES;
				CLANG_ANALYZER_NUMBER_OBJECT_CONVERSION = YES_AGGRESSIVE;
				CLANG_CXX_LANGUAGE_STANDARD = "gnu++14";
				CLANG_CXX_LIBRARY = "libc++";
				CLANG_ENABLE_MODULES = YES;
				CLANG_ENABLE_OBJC_ARC = YES;
				CLANG_WARN_BLOCK_CAPTURE_AUTORELEASING = YES;
				CLANG_WARN_BOOL_CONVERSION = YES;
				CLANG_WARN_COMMA = YES;
				CLANG_WARN_CONSTANT_CONVERSION = YES;
				CLANG_WARN_DIRECT_OBJC_ISA_USAGE = YES_ERROR;
				CLANG_WARN_DOCUMENTATION_COMMENTS = YES;
				CLANG_WARN_EMPTY_BODY = YES;
				CLANG_WARN_ENUM_CONVERSION = YES;
				CLANG_WARN_INFINITE_RECURSION = YES;
				CLANG_WARN_INT_CONVERSION = YES;
				CLANG_WARN_NON_LITERAL_NULL_CONVERSION = YES;
				CLANG_WARN_OBJC_LITERAL_CONVERSION = YES;
				CLANG_WARN_OBJC_ROOT_CLASS = YES_ERROR;
				CLANG_WARN_RANGE_LOOP_ANALYSIS = YES;
				CLANG_WARN_STRICT_PROTOTYPES = YES;
				CLANG_WARN_SUSPICIOUS_MOVE = YES;
				CLANG_WARN_UNGUARDED_AVAILABILITY = YES_AGGRESSIVE;
				CLANG_WARN_UNREACHABLE_CODE = YES;
				CLANG_WARN__DUPLICATE_METHOD_MATCH = YES;
				CODE_SIGN_IDENTITY = "iPhone Developer";
				COPY_PHASE_STRIP = NO;
				DEBUG_INFORMATION_FORMAT = dwarf;
				ENABLE_STRICT_OBJC_MSGSEND = YES;
				ENABLE_TESTABILITY = YES;
				GCC_C_LANGUAGE_STANDARD = gnu11;
				GCC_DYNAMIC_NO_PIC = NO;
				GCC_NO_COMMON_BLOCKS = YES;
				GCC_OPTIMIZATION_LEVEL = 0;
				GCC_PREPROCESSOR_DEFINITIONS = (
					"DEBUG=1",
					"$(inherited)",
				);
				GCC_WARN_64_TO_32_BIT_CONVERSION = YES;
				GCC_WARN_ABOUT_RETURN_TYPE = YES_ERROR;
				GCC_WARN_UNDECLARED_SELECTOR = YES;
				GCC_WARN_UNINITIALIZED_AUTOS = YES_AGGRESSIVE;
				GCC_WARN_UNUSED_FUNCTION = YES;
				GCC_WARN_UNUSED_VARIABLE = YES;
				IPHONEOS_DEPLOYMENT_TARGET = 11.2;
				MTL_ENABLE_DEBUG_INFO = YES;
				ONLY_ACTIVE_ARCH = YES;
				SDKROOT = iphoneos;
				SWIFT_ACTIVE_COMPILATION_CONDITIONS = DEBUG;
				SWIFT_OPTIMIZATION_LEVEL = "-Onone";
			};
			name = Debug;
		};
		466018D22458A6130083AA2B /* Release */ = {
			isa = XCBuildConfiguration;
			buildSettings = {
				ALWAYS_SEARCH_USER_PATHS = NO;
				CLANG_ANALYZER_NONNULL = YES;
				CLANG_ANALYZER_NUMBER_OBJECT_CONVERSION = YES_AGGRESSIVE;
				CLANG_CXX_LANGUAGE_STANDARD = "gnu++14";
				CLANG_CXX_LIBRARY = "libc++";
				CLANG_ENABLE_MODULES = YES;
				CLANG_ENABLE_OBJC_ARC = YES;
				CLANG_WARN_BLOCK_CAPTURE_AUTORELEASING = YES;
				CLANG_WARN_BOOL_CONVERSION = YES;
				CLANG_WARN_COMMA = YES;
				CLANG_WARN_CONSTANT_CONVERSION = YES;
				CLANG_WARN_DIRECT_OBJC_ISA_USAGE = YES_ERROR;
				CLANG_WARN_DOCUMENTATION_COMMENTS = YES;
				CLANG_WARN_EMPTY_BODY = YES;
				CLANG_WARN_ENUM_CONVERSION = YES;
				CLANG_WARN_INFINITE_RECURSION = YES;
				CLANG_WARN_INT_CONVERSION = YES;
				CLANG_WARN_NON_LITERAL_NULL_CONVERSION = YES;
				CLANG_WARN_OBJC_LITERAL_CONVERSION = YES;
				CLANG_WARN_OBJC_ROOT_CLASS = YES_ERROR;
				CLANG_WARN_RANGE_LOOP_ANALYSIS = YES;
				CLANG_WARN_STRICT_PROTOTYPES = YES;
				CLANG_WARN_SUSPICIOUS_MOVE = YES;
				CLANG_WARN_UNGUARDED_AVAILABILITY = YES_AGGRESSIVE;
				CLANG_WARN_UNREACHABLE_CODE = YES;
				CLANG_WARN__DUPLICATE_METHOD_MATCH = YES;
				CODE_SIGN_IDENTITY = "iPhone Developer";
				COPY_PHASE_STRIP = NO;
				DEBUG_INFORMATION_FORMAT = "dwarf-with-dsym";
				ENABLE_NS_ASSERTIONS = NO;
				ENABLE_STRICT_OBJC_MSGSEND = YES;
				GCC_C_LANGUAGE_STANDARD = gnu11;
				GCC_NO_COMMON_BLOCKS = YES;
				GCC_WARN_64_TO_32_BIT_CONVERSION = YES;
				GCC_WARN_ABOUT_RETURN_TYPE = YES_ERROR;
				GCC_WARN_UNDECLARED_SELECTOR = YES;
				GCC_WARN_UNINITIALIZED_AUTOS = YES_AGGRESSIVE;
				GCC_WARN_UNUSED_FUNCTION = YES;
				GCC_WARN_UNUSED_VARIABLE = YES;
				IPHONEOS_DEPLOYMENT_TARGET = 11.2;
				MTL_ENABLE_DEBUG_INFO = NO;
				SDKROOT = iphoneos;
				SWIFT_OPTIMIZATION_LEVEL = "-Owholemodule";
				VALIDATE_PRODUCT = YES;
			};
			name = Release;
		};
		466018D42458A6130083AA2B /* Debug */ = {
			isa = XCBuildConfiguration;
			buildSettings = {
				ASSETCATALOG_COMPILER_APPICON_NAME = AppIcon;
				CODE_SIGN_STYLE = Automatic;
				DEVELOPMENT_TEAM = DVYYX925VH;
				INFOPLIST_FILE = TrueLoveCalculator/Info.plist;
				LD_RUNPATH_SEARCH_PATHS = "$(inherited) @executable_path/Frameworks";
				PRODUCT_BUNDLE_IDENTIFIER = com.dharma.com.TrueLoveCalculator;
				PRODUCT_NAME = "$(TARGET_NAME)";
				SWIFT_VERSION = 4.0;
				TARGETED_DEVICE_FAMILY = "1,2";
			};
			name = Debug;
		};
		466018D52458A6130083AA2B /* Release */ = {
			isa = XCBuildConfiguration;
			buildSettings = {
				ASSETCATALOG_COMPILER_APPICON_NAME = AppIcon;
				CODE_SIGN_STYLE = Automatic;
				DEVELOPMENT_TEAM = DVYYX925VH;
				INFOPLIST_FILE = TrueLoveCalculator/Info.plist;
				LD_RUNPATH_SEARCH_PATHS = "$(inherited) @executable_path/Frameworks";
				PRODUCT_BUNDLE_IDENTIFIER = com.dharma.com.TrueLoveCalculator;
				PRODUCT_NAME = "$(TARGET_NAME)";
				SWIFT_VERSION = 4.0;
				TARGETED_DEVICE_FAMILY = "1,2";
			};
			name = Release;
		};
/* End XCBuildConfiguration section */

/* Begin XCConfigurationList section */
		466018BC2458A6120083AA2B /* Build configuration list for PBXProject "TrueLoveCalculator" */ = {
			isa = XCConfigurationList;
			buildConfigurations = (
				466018D12458A6130083AA2B /* Debug */,
				466018D22458A6130083AA2B /* Release */,
			);
			defaultConfigurationIsVisible = 0;
			defaultConfigurationName = Release;
		};
		466018D32458A6130083AA2B /* Build configuration list for PBXNativeTarget "TrueLoveCalculator" */ = {
			isa = XCConfigurationList;
			buildConfigurations = (
				466018D42458A6130083AA2B /* Debug */,
				466018D52458A6130083AA2B /* Release */,
			);
			defaultConfigurationIsVisible = 0;
			defaultConfigurationName = Release;
		};
/* End XCConfigurationList section */
	};
	rootObject = 466018B92458A6120083AA2B /* Project object */;
}
